
Microsoft Visual Studio Solution File, Format Version 12.00
# Visual Studio Version 17
VisualStudioVersion = 17.11.35219.272
MinimumVisualStudioVersion = 10.0.40219.1
Project("{FAE04EC0-301F-11D3-BF4B-00C04F79EFBC}") = "Yetgim_C#_OOP_Odev", "Yetgim_C#_OOP_Odev\Yetgim_C#_OOP_Odev.csproj", "{1A09AC97-89B8-428C-AF94-04FFA32E3D8A}"
EndProject
Global
	GlobalSection(SolutionConfigurationPlatforms) = preSolution
		Debug|Any CPU = Debug|Any CPU
		Release|Any CPU = Release|Any CPU
	EndGlobalSection
	GlobalSection(ProjectConfigurationPlatforms) = postSolution
		{1A09AC97-89B8-428C-AF94-04FFA32E3D8A}.Debug|Any CPU.ActiveCfg = Debug|Any CPU
		{1A09AC97-89B8-428C-AF94-04FFA32E3D8A}.Debug|Any CPU.Build.0 = Debug|Any CPU
		{1A09AC97-89B8-428C-AF94-04FFA32E3D8A}.Release|Any CPU.ActiveCfg = Release|Any CPU
		{1A09AC97-89B8-428C-AF94-04FFA32E3D8A}.Release|Any CPU.Build.0 = Release|Any CPU
	EndGlobalSection
	GlobalSection(SolutionProperties) = preSolution
		HideSolutionNode = FALSE
	EndGlobalSection
	GlobalSection(ExtensibilityGlobals) = postSolution
		SolutionGuid = {BCFDF818-2CFB-463A-B0ED-3555EC51F083}
	EndGlobalSection
EndGlobal
